
Microsoft Visual Studio Solution File, Format Version 12.00
Project("{FAE04EC0-301F-11D3-BF4B-00C04F79EFBC}") = "RecreateSolutionStructure.Tests", "RecreateSolutionStructure.Tests\RecreateSolutionStructure.Tests.csproj", "{1037E009-387E-4127-B2C8-18E8316949F9}"
EndProject
Project("{FAE04EC0-301F-11D3-BF4B-00C04F79EFBC}") = "RecreateSolutionStructure", "RecreateSolutionStructure\RecreateSolutionStructure.csproj", "{BDDD8A66-7367-467E-964E-9A799A720E8B}"
EndProject
Global
	GlobalSection(SolutionConfigurationPlatforms) = preSolution
		Debug|Any CPU = Debug|Any CPU
		Release|Any CPU = Release|Any CPU
	EndGlobalSection
	GlobalSection(ProjectConfigurationPlatforms) = postSolution
		{1037E009-387E-4127-B2C8-18E8316949F9}.Debug|Any CPU.ActiveCfg = Debug|Any CPU
		{1037E009-387E-4127-B2C8-18E8316949F9}.Debug|Any CPU.Build.0 = Debug|Any CPU
		{1037E009-387E-4127-B2C8-18E8316949F9}.Release|Any CPU.ActiveCfg = Release|Any CPU
		{1037E009-387E-4127-B2C8-18E8316949F9}.Release|Any CPU.Build.0 = Release|Any CPU
		{BDDD8A66-7367-467E-964E-9A799A720E8B}.Debug|Any CPU.ActiveCfg = Debug|Any CPU
		{BDDD8A66-7367-467E-964E-9A799A720E8B}.Debug|Any CPU.Build.0 = Debug|Any CPU
		{BDDD8A66-7367-467E-964E-9A799A720E8B}.Release|Any CPU.ActiveCfg = Release|Any CPU
		{BDDD8A66-7367-467E-964E-9A799A720E8B}.Release|Any CPU.Build.0 = Release|Any CPU
	EndGlobalSection
EndGlobal
